
Microsoft Visual Studio Solution File, Format Version 12.00
# Visual Studio Version 17
VisualStudioVersion = 17.3.32804.467
MinimumVisualStudioVersion = 10.0.40219.1
Project("{FAE04EC0-301F-11D3-BF4B-00C04F79EFBC}") = "Exercicio6", "Exercicio6\Exercicio6.csproj", "{25DD1353-3853-4373-AA9F-67B2AC21A192}"
EndProject
Global
	GlobalSection(SolutionConfigurationPlatforms) = preSolution
		Debug|Any CPU = Debug|Any CPU
		Release|Any CPU = Release|Any CPU
	EndGlobalSection
	GlobalSection(ProjectConfigurationPlatforms) = postSolution
		{25DD1353-3853-4373-AA9F-67B2AC21A192}.Debug|Any CPU.ActiveCfg = Debug|Any CPU
		{25DD1353-3853-4373-AA9F-67B2AC21A192}.Debug|Any CPU.Build.0 = Debug|Any CPU
		{25DD1353-3853-4373-AA9F-67B2AC21A192}.Release|Any CPU.ActiveCfg = Release|Any CPU
		{25DD1353-3853-4373-AA9F-67B2AC21A192}.Release|Any CPU.Build.0 = Release|Any CPU
	EndGlobalSection
	GlobalSection(SolutionProperties) = preSolution
		HideSolutionNode = FALSE
	EndGlobalSection
	GlobalSection(ExtensibilityGlobals) = postSolution
		SolutionGuid = {DBD107B3-7527-428F-8446-60F682678F2E}
	EndGlobalSection
EndGlobal
