
Microsoft Visual Studio Solution File, Format Version 12.00
# Visual Studio Version 17
VisualStudioVersion = 17.3.32804.467
MinimumVisualStudioVersion = 10.0.40219.1
Project("{FAE04EC0-301F-11D3-BF4B-00C04F79EFBC}") = "Execicio1", "Execicio1\Execicio1.csproj", "{91E2AD8B-200E-42A6-B905-99AC85A35572}"
EndProject
Global
	GlobalSection(SolutionConfigurationPlatforms) = preSolution
		Debug|Any CPU = Debug|Any CPU
		Release|Any CPU = Release|Any CPU
	EndGlobalSection
	GlobalSection(ProjectConfigurationPlatforms) = postSolution
		{91E2AD8B-200E-42A6-B905-99AC85A35572}.Debug|Any CPU.ActiveCfg = Debug|Any CPU
		{91E2AD8B-200E-42A6-B905-99AC85A35572}.Debug|Any CPU.Build.0 = Debug|Any CPU
		{91E2AD8B-200E-42A6-B905-99AC85A35572}.Release|Any CPU.ActiveCfg = Release|Any CPU
		{91E2AD8B-200E-42A6-B905-99AC85A35572}.Release|Any CPU.Build.0 = Release|Any CPU
	EndGlobalSection
	GlobalSection(SolutionProperties) = preSolution
		HideSolutionNode = FALSE
	EndGlobalSection
	GlobalSection(ExtensibilityGlobals) = postSolution
		SolutionGuid = {78DC257F-E660-4340-AC01-297DCE5E87D8}
	EndGlobalSection
EndGlobal
